
Microsoft Visual Studio Solution File, Format Version 12.00
# Visual Studio Version 16
VisualStudioVersion = 16.0.30523.141
MinimumVisualStudioVersion = 10.0.40219.1
Project("{FAE04EC0-301F-11D3-BF4B-00C04F79EFBC}") = "WEATHERFORECAST", "WEATHERFORECAST\WEATHERFORECAST.csproj", "{0D0779D7-6834-40AC-BEA1-C2424F0B76B9}"
EndProject
Project("{9A19103F-16F7-4668-BE54-9A1E7A4F7556}") = "WEATHERFORECAST-API", "WEATHERFORECAST-API\WEATHERFORECAST-API.csproj", "{08ADCEC2-8DDC-41B4-A77A-C889B5E0AC50}"
EndProject
Project("{9A19103F-16F7-4668-BE54-9A1E7A4F7556}") = "WEATHERFORECAST-Empty", "WEATHERFORECAST-Empty\WEATHERFORECAST-Empty.csproj", "{31A9817C-6E48-4B2C-8FDE-A858AB536AAF}"
EndProject
Project("{9A19103F-16F7-4668-BE54-9A1E7A4F7556}") = "WEATHERFORECAST-MVC", "WEATHERFORECAST-MVC\WEATHERFORECAST-MVC.csproj", "{5899FAFD-F9E0-4A7D-9F3D-AAC3F8FDD289}"
EndProject
Project("{9A19103F-16F7-4668-BE54-9A1E7A4F7556}") = "WEATHERFORECAST-WEB", "WEATHERFORECAST-WEB\WEATHERFORECAST-WEB.csproj", "{DD0B4783-3CB3-4B3A-A501-3324D27A730C}"
EndProject
Global
	GlobalSection(SolutionConfigurationPlatforms) = preSolution
		Debug|Any CPU = Debug|Any CPU
		Release|Any CPU = Release|Any CPU
	EndGlobalSection
	GlobalSection(ProjectConfigurationPlatforms) = postSolution
		{0D0779D7-6834-40AC-BEA1-C2424F0B76B9}.Debug|Any CPU.ActiveCfg = Debug|Any CPU
		{0D0779D7-6834-40AC-BEA1-C2424F0B76B9}.Debug|Any CPU.Build.0 = Debug|Any CPU
		{0D0779D7-6834-40AC-BEA1-C2424F0B76B9}.Release|Any CPU.ActiveCfg = Release|Any CPU
		{0D0779D7-6834-40AC-BEA1-C2424F0B76B9}.Release|Any CPU.Build.0 = Release|Any CPU
		{08ADCEC2-8DDC-41B4-A77A-C889B5E0AC50}.Debug|Any CPU.ActiveCfg = Debug|Any CPU
		{08ADCEC2-8DDC-41B4-A77A-C889B5E0AC50}.Debug|Any CPU.Build.0 = Debug|Any CPU
		{08ADCEC2-8DDC-41B4-A77A-C889B5E0AC50}.Release|Any CPU.ActiveCfg = Release|Any CPU
		{08ADCEC2-8DDC-41B4-A77A-C889B5E0AC50}.Release|Any CPU.Build.0 = Release|Any CPU
		{31A9817C-6E48-4B2C-8FDE-A858AB536AAF}.Debug|Any CPU.ActiveCfg = Debug|Any CPU
		{31A9817C-6E48-4B2C-8FDE-A858AB536AAF}.Debug|Any CPU.Build.0 = Debug|Any CPU
		{31A9817C-6E48-4B2C-8FDE-A858AB536AAF}.Release|Any CPU.ActiveCfg = Release|Any CPU
		{31A9817C-6E48-4B2C-8FDE-A858AB536AAF}.Release|Any CPU.Build.0 = Release|Any CPU
		{5899FAFD-F9E0-4A7D-9F3D-AAC3F8FDD289}.Debug|Any CPU.ActiveCfg = Debug|Any CPU
		{5899FAFD-F9E0-4A7D-9F3D-AAC3F8FDD289}.Debug|Any CPU.Build.0 = Debug|Any CPU
		{5899FAFD-F9E0-4A7D-9F3D-AAC3F8FDD289}.Release|Any CPU.ActiveCfg = Release|Any CPU
		{5899FAFD-F9E0-4A7D-9F3D-AAC3F8FDD289}.Release|Any CPU.Build.0 = Release|Any CPU
		{DD0B4783-3CB3-4B3A-A501-3324D27A730C}.Debug|Any CPU.ActiveCfg = Debug|Any CPU
		{DD0B4783-3CB3-4B3A-A501-3324D27A730C}.Debug|Any CPU.Build.0 = Debug|Any CPU
		{DD0B4783-3CB3-4B3A-A501-3324D27A730C}.Release|Any CPU.ActiveCfg = Release|Any CPU
		{DD0B4783-3CB3-4B3A-A501-3324D27A730C}.Release|Any CPU.Build.0 = Release|Any CPU
	EndGlobalSection
	GlobalSection(SolutionProperties) = preSolution
		HideSolutionNode = FALSE
	EndGlobalSection
	GlobalSection(ExtensibilityGlobals) = postSolution
		SolutionGuid = {66C42B31-BBAF-4C1F-8FCF-4CCEB177252A}
	EndGlobalSection
EndGlobal
